
Microsoft Visual Studio Solution File, Format Version 12.00
# Visual Studio Version 17
VisualStudioVersion = 17.5.33424.131
MinimumVisualStudioVersion = 10.0.40219.1
Project("{9A19103F-16F7-4668-BE54-9A1E7A4F7556}") = "OOPPrinciples", "OOPPrinciples\OOPPrinciples.csproj", "{27F3784D-5E71-4847-88A9-E9CCABCD3C82}"
EndProject
Project("{FAE04EC0-301F-11D3-BF4B-00C04F79EFBC}") = "SOLIDPrinciples", "SOLIDPrinciples\SOLIDPrinciples.csproj", "{14149CDB-E589-49D2-9DFC-BAE91B1751FD}"
EndProject
Global
	GlobalSection(SolutionConfigurationPlatforms) = preSolution
		Debug|Any CPU = Debug|Any CPU
		Release|Any CPU = Release|Any CPU
	EndGlobalSection
	GlobalSection(ProjectConfigurationPlatforms) = postSolution
		{27F3784D-5E71-4847-88A9-E9CCABCD3C82}.Debug|Any CPU.ActiveCfg = Debug|Any CPU
		{27F3784D-5E71-4847-88A9-E9CCABCD3C82}.Debug|Any CPU.Build.0 = Debug|Any CPU
		{27F3784D-5E71-4847-88A9-E9CCABCD3C82}.Release|Any CPU.ActiveCfg = Release|Any CPU
		{27F3784D-5E71-4847-88A9-E9CCABCD3C82}.Release|Any CPU.Build.0 = Release|Any CPU
		{14149CDB-E589-49D2-9DFC-BAE91B1751FD}.Debug|Any CPU.ActiveCfg = Debug|Any CPU
		{14149CDB-E589-49D2-9DFC-BAE91B1751FD}.Debug|Any CPU.Build.0 = Debug|Any CPU
		{14149CDB-E589-49D2-9DFC-BAE91B1751FD}.Release|Any CPU.ActiveCfg = Release|Any CPU
		{14149CDB-E589-49D2-9DFC-BAE91B1751FD}.Release|Any CPU.Build.0 = Release|Any CPU
	EndGlobalSection
	GlobalSection(SolutionProperties) = preSolution
		HideSolutionNode = FALSE
	EndGlobalSection
	GlobalSection(ExtensibilityGlobals) = postSolution
		SolutionGuid = {C4A48700-955E-44BD-A7D0-8BF31DF74B8E}
	EndGlobalSection
EndGlobal
